
Microsoft Visual Studio Solution File, Format Version 12.00
# Visual Studio 15
Project("{FAE04EC0-301F-11D3-BF4B-00C04F79EFBC}") = "Assembly-CSharp", "Assembly-CSharp.csproj", "{8C1D63B9-31DC-1AFE-395F-EF08F297C204}"
EndProject
Global
	GlobalSection(SolutionConfigurationPlatforms) = preSolution
		Debug|Any CPU = Debug|Any CPU
		Release|Any CPU = Release|Any CPU
	EndGlobalSection
	GlobalSection(ProjectConfigurationPlatforms) = postSolution
		{8C1D63B9-31DC-1AFE-395F-EF08F297C204}.Debug|Any CPU.ActiveCfg = Debug|Any CPU
		{8C1D63B9-31DC-1AFE-395F-EF08F297C204}.Debug|Any CPU.Build.0 = Debug|Any CPU
		{8C1D63B9-31DC-1AFE-395F-EF08F297C204}.Release|Any CPU.ActiveCfg = Release|Any CPU
		{8C1D63B9-31DC-1AFE-395F-EF08F297C204}.Release|Any CPU.Build.0 = Release|Any CPU
	EndGlobalSection
	GlobalSection(SolutionProperties) = preSolution
		HideSolutionNode = FALSE
	EndGlobalSection
EndGlobal
